# THIS IS AN AUTOGENERATED FILE. DO NOT EDIT THIS FILE DIRECTLY.
# yarn lockfile v1


case-it@^1.0.1:
  version "1.0.1"
  resolved "https://registry.yarnpkg.com/case-it/-/case-it-1.0.1.tgz#bf161e9cb5c557302f854d130a42c04fe85a8f24"
  integrity sha512-hxjXhD5fWVfBv2DglhN22wqtGTdImfpRyUB3FGofZL9LgHhyFwr+7Zbtqxj53W9DPzzDTfBuDB4XkeaGFGUijA==

node-fetch@^2.6.0:
  version "2.6.0"
  resolved "https://registry.yarnpkg.com/node-fetch/-/node-fetch-2.6.0.tgz#e633456386d4aa55863f676a7ab0daa8fdecb0fd"
  integrity sha512-8dG4H5ujfvFiqDmVu9fQ5bOHUC15JMjMY/Zumv26oOvvVJjM67KF8koCWIabKQ1GJIa9r2mMZscBq/TbdOcmNA==

promise-all-props@^1.0.1:
  version "1.0.1"
  resolved "https://registry.yarnpkg.com/promise-all-props/-/promise-all-props-1.0.1.tgz#c171e1e597c3246f570f3a13cecbd0f67e676e48"
  integrity sha1-wXHh5ZfDJG9XDzoTzsvQ9n5nbkg=
